
Microsoft Visual Studio Solution File, Format Version 12.00
# Visual Studio Version 16
VisualStudioVersion = 16.0.29215.179
MinimumVisualStudioVersion = 10.0.40219.1
Project("{9A19103F-16F7-4668-BE54-9A1E7A4F7556}") = "RelacaoNxN", "RelacaoNxN\RelacaoNxN.csproj", "{C6A0CFFA-DB38-42BB-947C-6FC2975C53A5}"
EndProject
Project("{FAE04EC0-301F-11D3-BF4B-00C04F79EFBC}") = "Relacao1x1", "Relacao1x1\Relacao1x1.csproj", "{49C34FB7-F1EB-47B2-9F03-27AFB50A24EC}"
EndProject
Project("{FAE04EC0-301F-11D3-BF4B-00C04F79EFBC}") = "Relacao1xN", "Relacao1xN\Relacao1xN.csproj", "{DC4E3588-043E-4F54-AE3A-8EDC8202F6F7}"
EndProject
Global
	GlobalSection(SolutionConfigurationPlatforms) = preSolution
		Debug|Any CPU = Debug|Any CPU
		Release|Any CPU = Release|Any CPU
	EndGlobalSection
	GlobalSection(ProjectConfigurationPlatforms) = postSolution
		{C6A0CFFA-DB38-42BB-947C-6FC2975C53A5}.Debug|Any CPU.ActiveCfg = Debug|Any CPU
		{C6A0CFFA-DB38-42BB-947C-6FC2975C53A5}.Debug|Any CPU.Build.0 = Debug|Any CPU
		{C6A0CFFA-DB38-42BB-947C-6FC2975C53A5}.Release|Any CPU.ActiveCfg = Release|Any CPU
		{C6A0CFFA-DB38-42BB-947C-6FC2975C53A5}.Release|Any CPU.Build.0 = Release|Any CPU
		{49C34FB7-F1EB-47B2-9F03-27AFB50A24EC}.Debug|Any CPU.ActiveCfg = Debug|Any CPU
		{49C34FB7-F1EB-47B2-9F03-27AFB50A24EC}.Debug|Any CPU.Build.0 = Debug|Any CPU
		{49C34FB7-F1EB-47B2-9F03-27AFB50A24EC}.Release|Any CPU.ActiveCfg = Release|Any CPU
		{49C34FB7-F1EB-47B2-9F03-27AFB50A24EC}.Release|Any CPU.Build.0 = Release|Any CPU
		{DC4E3588-043E-4F54-AE3A-8EDC8202F6F7}.Debug|Any CPU.ActiveCfg = Debug|Any CPU
		{DC4E3588-043E-4F54-AE3A-8EDC8202F6F7}.Debug|Any CPU.Build.0 = Debug|Any CPU
		{DC4E3588-043E-4F54-AE3A-8EDC8202F6F7}.Release|Any CPU.ActiveCfg = Release|Any CPU
		{DC4E3588-043E-4F54-AE3A-8EDC8202F6F7}.Release|Any CPU.Build.0 = Release|Any CPU
	EndGlobalSection
	GlobalSection(SolutionProperties) = preSolution
		HideSolutionNode = FALSE
	EndGlobalSection
	GlobalSection(ExtensibilityGlobals) = postSolution
		SolutionGuid = {16F395D2-4FF8-4F95-AAB4-FE77156E0271}
	EndGlobalSection
EndGlobal
